{
  "name": "BAI01",
  "version": "1.0.0",
  "lockfileVersion": 1,
  "requires": true,
  "dependencies": {
    "@vant/weapp": {
      "version": "1.4.0",
      "resolved": "https://registry.npmjs.org/@vant/weapp/-/weapp-1.4.0.tgz",
      "integrity": "sha512-rvdwFVsKU/r8IhU6vFHe1/GApYP8CWgNOphJtig2hRdAOuhhcaHKuFjm1kkgcn+q3OZ4KUQ8/Ua0YICw7/sUtQ=="
    },
    "weui-miniprogram": {
      "version": "1.0.4",
      "resolved": "https://registry.npmjs.org/weui-miniprogram/-/weui-miniprogram-1.0.4.tgz",
      "integrity": "sha512-0CQHfgEe6cw8NN2mXMoPbPmI0yreabIfeiBl3t+kvYxPmfFJYAUsMtPau7VaUUgJO0nlT5jFxsbAbzF+jTrBJA=="
    }
  }
}
